{
  "version": 4,
  "terraform_version": "1.8.5",
  "serial": 2,
  "lineage": "8c9e220e-3202-5e67-7369-6968cf115f25",
  "outputs": {
    "droplet_ip": {
      "value": "170.64.174.57",
      "type": "string"
    }
  },
  "resources": [
    {
      "mode": "managed",
      "type": "digitalocean_droplet",
      "name": "setup",
      "provider": "provider[\"registry.terraform.io/digitalocean/digitalocean\"]",
      "instances": [
        {
          "schema_version": 1,
          "attributes": {
            "backup_policy": [],
            "backups": false,
            "created_at": "2026-05-06T09:06:49Z",
            "disk": 80,
            "droplet_agent": null,
            "graceful_shutdown": false,
            "id": "569309763",
            "image": "ubuntu-24-04-x64",
            "ipv4_address": "170.64.174.57",
            "ipv4_address_private": "10.126.0.6",
            "ipv6": false,
            "ipv6_address": "",
            "locked": false,
            "memory": 4096,
            "monitoring": false,
            "name": "terraform-vps",
            "price_hourly": 0.03571,
            "price_monthly": 24,
            "private_networking": true,
            "region": "syd1",
            "resize_disk": true,
            "size": "s-2vcpu-4gb",
            "ssh_keys": [
              "ff:1e:32:b2:45:cd:26:ae:0e:ea:ff:b2:d5:7a:ef:19"
            ],
            "status": "active",
            "tags": null,
            "timeouts": null,
            "urn": "do:droplet:569309763",
            "user_data": null,
            "vcpus": 2,
            "volume_ids": [],
            "vpc_uuid": "c6347cea-f9c8-4859-93c1-925621a20556"
          },
          "sensitive_attributes": [],
          "private": "eyJlMmJmYjczMC1lY2FhLTExZTYtOGY4OC0zNDM2M2JjN2M0YzAiOnsiY3JlYXRlIjozNjAwMDAwMDAwMDAwLCJkZWxldGUiOjYwMDAwMDAwMDAwLCJ1cGRhdGUiOjM2MDAwMDAwMDAwMDB9LCJzY2hlbWFfdmVyc2lvbiI6IjEifQ=="
        }
      ]
    }
  ],
  "check_results": null
}
